{
  "name": "artasystudio-1.o",
  "lockfileVersion": 3,
  "requires": true,
  "packages": {
    "": {
      "dependencies": {
        "dotenv": "^17.3.1",
        "powerbi-client-react": "^2.0.2"
      }
    },
    "node_modules/dotenv": {
      "version": "17.3.1",
      "resolved": "https://registry.npmjs.org/dotenv/-/dotenv-17.3.1.tgz",
      "integrity": "sha512-IO8C/dzEb6O3F9/twg6ZLXz164a2fhTnEWb95H23Dm4OuN+92NmEAlTrupP9VW6Jm3sO26tQlqyvyi4CsnY9GA==",
      "license": "BSD-2-Clause",
      "engines": {
        "node": ">=12"
      },
      "funding": {
        "url": "https://dotenvx.com"
      }
    },
    "node_modules/es6-promise": {
      "version": "3.3.1",
      "resolved": "https://registry.npmjs.org/es6-promise/-/es6-promise-3.3.1.tgz",
      "integrity": "sha512-SOp9Phqvqn7jtEUxPWdWfWoLmyt2VaJ6MpvP9Comy1MceMXqE6bxvaTu4iaxpYYPzhny28Lc+M87/c2cPK6lDg==",
      "license": "MIT"
    },
    "node_modules/http-post-message": {
      "version": "0.2.5",
      "resolved": "https://registry.npmjs.org/http-post-message/-/http-post-message-0.2.5.tgz",
      "integrity": "sha512-3UHhrp/DAq7BcIPVlp1J7cz1L5dA+JMJDhM5gLKCYyAdKWac5anwJk68EXFO9f+eTVM3VRp2bA3Z/dZSslfKHA==",
      "license": "MIT",
      "dependencies": {
        "es6-promise": "^3.2.1"
      }
    },
    "node_modules/lodash.isequal": {
      "version": "4.5.0",
      "resolved": "https://registry.npmjs.org/lodash.isequal/-/lodash.isequal-4.5.0.tgz",
      "integrity": "sha512-pDo3lu8Jhfjqls6GkMgpahsF9kCyayhgykjyLMNFTKWrpVdAQtYyB4muAMWozBB4ig/dtWAmsMxLEI8wuz+DYQ==",
      "deprecated": "This package is deprecated. Use require('node:util').isDeepStrictEqual instead.",
      "license": "MIT"
    },
    "node_modules/powerbi-client": {
      "version": "2.23.9",
      "resolved": "https://registry.npmjs.org/powerbi-client/-/powerbi-client-2.23.9.tgz",
      "integrity": "sha512-0yeoZrA4pfkxVG/3uahtpN7hI6z7ugzr3QyZfV2+fh+mbgjbORVo3lB1dN6KqFXxNgcNGDPJbSb386EKbsj16Q==",
      "license": "MIT",
      "dependencies": {
        "http-post-message": "^0.2",
        "powerbi-models": "^2.0.1",
        "powerbi-router": "^0.1",
        "window-post-message-proxy": "^0.2.7"
      }
    },
    "node_modules/powerbi-client-react": {
      "version": "2.0.2",
      "resolved": "https://registry.npmjs.org/powerbi-client-react/-/powerbi-client-react-2.0.2.tgz",
      "integrity": "sha512-NXn2gAQlktKQTyMeOkH8dEUUN79MTiyq6HKWG72WyayDcvcIb9mTFtlYK9CyD8efUeWa4QsiYMOg2xrkAFd4JQ==",
      "license": "MIT",
      "dependencies": {
        "lodash.isequal": "^4.5.0",
        "powerbi-client": "^2.23.1"
      },
      "peerDependencies": {
        "react": ">= 18"
      }
    },
    "node_modules/powerbi-models": {
      "version": "2.0.1",
      "resolved": "https://registry.npmjs.org/powerbi-models/-/powerbi-models-2.0.1.tgz",
      "integrity": "sha512-hYYbxCNB3VJ/vn/mbldWHXLvJYHCS4ECzUEskzlTtaaVFILMhMr2r9p3wUjGTIUmZZQ6Ve8KkVT2o1w+aGjiGw==",
      "license": "MIT"
    },
    "node_modules/powerbi-router": {
      "version": "0.1.5",
      "resolved": "https://registry.npmjs.org/powerbi-router/-/powerbi-router-0.1.5.tgz",
      "integrity": "sha512-DFJCKxwh/DqMZXtHSo6xZl87mbRviZGn4P7Oi2rT0L4HMI4AjnWIrwg0JCSM7ymBzYnNe5UmrsCaf2Upur5RQA==",
      "license": "MIT",
      "dependencies": {
        "es6-promise": "^3.2.1",
        "route-recognizer": "^0.1.11"
      }
    },
    "node_modules/react": {
      "version": "19.2.4",
      "resolved": "https://registry.npmjs.org/react/-/react-19.2.4.tgz",
      "integrity": "sha512-9nfp2hYpCwOjAN+8TZFGhtWEwgvWHXqESH8qT89AT/lWklpLON22Lc8pEtnpsZz7VmawabSU0gCjnj8aC0euHQ==",
      "license": "MIT",
      "peer": true,
      "engines": {
        "node": ">=0.10.0"
      }
    },
    "node_modules/route-recognizer": {
      "version": "0.1.11",
      "resolved": "https://registry.npmjs.org/route-recognizer/-/route-recognizer-0.1.11.tgz",
      "integrity": "sha512-7JNu5mXQVa39zxmUKyk/bfpeF2WyEC5JKVTJO5HATcoUQpcQsI3eLzhwGU69xeOagQxfOQ+yr2sSv0G8xy+vQA==",
      "license": "MIT"
    },
    "node_modules/window-post-message-proxy": {
      "version": "0.2.9",
      "resolved": "https://registry.npmjs.org/window-post-message-proxy/-/window-post-message-proxy-0.2.9.tgz",
      "integrity": "sha512-hHmF5dvY27wy4EKN9c5qukPtzlbrdUzkMiCHud4gYKXCFAiGOBhCfi/dVBvwbUf0qrEGwFNnqkvk6DE54sdlcw==",
      "license": "MIT",
      "dependencies": {
        "es6-promise": "^3.1.2"
      }
    }
  }
}
